{
  "name": "javascript",
  "lockfileVersion": 2,
  "requires": true,
  "packages": {
    "": {
      "devDependencies": {
        "gleam-packages": "file:./_build/lib"
      }
    },
    "_build/lib": {
      "dev": true
    },
    "node_modules/gleam-packages": {
      "resolved": "_build/lib",
      "link": true
    }
  },
  "dependencies": {
    "gleam-packages": {
      "version": "file:_build/lib"
    }
  }
}
